
Microsoft Visual Studio Solution File, Format Version 12.00
# Visual Studio Version 16
VisualStudioVersion = 16.0.30517.126
MinimumVisualStudioVersion = 10.0.40219.1
Project("{FAE04EC0-301F-11D3-BF4B-00C04F79EFBC}") = "BallotPro.Admin.API", "BallotPro.Admin.API\BallotPro.Admin.API.csproj", "{F913D425-520A-488A-8BE5-E44CA357C2D8}"
EndProject
Global
	GlobalSection(SolutionConfigurationPlatforms) = preSolution
		Debug|Any CPU = Debug|Any CPU
		Release|Any CPU = Release|Any CPU
	EndGlobalSection
	GlobalSection(ProjectConfigurationPlatforms) = postSolution
		{F913D425-520A-488A-8BE5-E44CA357C2D8}.Debug|Any CPU.ActiveCfg = Debug|Any CPU
		{F913D425-520A-488A-8BE5-E44CA357C2D8}.Debug|Any CPU.Build.0 = Debug|Any CPU
		{F913D425-520A-488A-8BE5-E44CA357C2D8}.Release|Any CPU.ActiveCfg = Release|Any CPU
		{F913D425-520A-488A-8BE5-E44CA357C2D8}.Release|Any CPU.Build.0 = Release|Any CPU
	EndGlobalSection
	GlobalSection(SolutionProperties) = preSolution
		HideSolutionNode = FALSE
	EndGlobalSection
	GlobalSection(ExtensibilityGlobals) = postSolution
		SolutionGuid = {BA85C125-61AB-45D7-8D77-F1ABA7EF9112}
	EndGlobalSection
EndGlobal
